// !$*UTF8*$!
{
	archiveVersion = 1;
	classes = {
	};
	objectVersion = 50;
	objects = {

/* Begin PBXBuildFile section */
		4D15C573224B717B003F7672 /* AppDelegate.swift in Sources */ = {isa = PBXBuildFile; fileRef = 4D15C572224B717B003F7672 /* AppDelegate.swift */; };
		4D15C575224B717B003F7672 /* TimerViewController.swift in Sources */ = {isa = PBXBuildFile; fileRef = 4D15C574224B717B003F7672 /* TimerViewController.swift */; };
		4D15C57A224B717E003F7672 /* Assets.xcassets in Resources */ = {isa = PBXBuildFile; fileRef = 4D15C579224B717E003F7672 /* Assets.xcassets */; };
		4D15C57D224B717E003F7672 /* LaunchScreen.storyboard in Resources */ = {isa = PBXBuildFile; fileRef = 4D15C57B224B717E003F7672 /* LaunchScreen.storyboard */; };
		4D15C588224B717F003F7672 /* TimeUnderTensionTests.swift in Sources */ = {isa = PBXBuildFile; fileRef = 4D15C587224B717F003F7672 /* TimeUnderTensionTests.swift */; };
		4D15C595224B8876003F7672 /* Stopwatch.swift in Sources */ = {isa = PBXBuildFile; fileRef = 4D15C594224B8876003F7672 /* Stopwatch.swift */; };
		4D3772F8224CB52900923F23 /* EditExerciseViewController.swift in Sources */ = {isa = PBXBuildFile; fileRef = 4D3772F7224CB52900923F23 /* EditExerciseViewController.swift */; };
		4DB2A7DE224CDAF100C8E290 /* HomeViewController.swift in Sources */ = {isa = PBXBuildFile; fileRef = 4DB2A7DD224CDAF100C8E290 /* HomeViewController.swift */; };
		EE1A7E952251FC32000615F9 /* Exercise.swift in Sources */ = {isa = PBXBuildFile; fileRef = EE1A7E942251FC32000615F9 /* Exercise.swift */; };
		EE55DC26224B95D500F3C37A /* Extensions.swift in Sources */ = {isa = PBXBuildFile; fileRef = EE55DC25224B95D500F3C37A /* Extensions.swift */; };
		EE55DC28224BA2E100F3C37A /* CreateWorkoutViewController.swift in Sources */ = {isa = PBXBuildFile; fileRef = EE55DC27224BA2E100F3C37A /* CreateWorkoutViewController.swift */; };
		EE55DC2C224BBF7C00F3C37A /* ExerciseWeightTimeCell.swift in Sources */ = {isa = PBXBuildFile; fileRef = EE55DC2B224BBF7C00F3C37A /* ExerciseWeightTimeCell.swift */; };
		EE55DC2E224BC97E00F3C37A /* AddExerciseView.swift in Sources */ = {isa = PBXBuildFile; fileRef = EE55DC2D224BC97E00F3C37A /* AddExerciseView.swift */; };
/* End PBXBuildFile section */

/* Begin PBXContainerItemProxy section */
		4D15C584224B717F003F7672 /* PBXContainerItemProxy */ = {
			isa = PBXContainerItemProxy;
			containerPortal = 4D15C567224B717B003F7672 /* Project object */;
			proxyType = 1;
			remoteGlobalIDString = 4D15C56E224B717B003F7672;
			remoteInfo = TimeUnderTension;
		};
/* End PBXContainerItemProxy section */

/* Begin PBXFileReference section */
		4D15C56F224B717B003F7672 /* TimeUnderTension.app */ = {isa = PBXFileReference; explicitFileType = wrapper.application; includeInIndex = 0; path = TimeUnderTension.app; sourceTree = BUILT_PRODUCTS_DIR; };
		4D15C572224B717B003F7672 /* AppDelegate.swift */ = {isa = PBXFileReference; lastKnownFileType = sourcecode.swift; path = AppDelegate.swift; sourceTree = "<group>"; };
		4D15C574224B717B003F7672 /* TimerViewController.swift */ = {isa = PBXFileReference; lastKnownFileType = sourcecode.swift; path = TimerViewController.swift; sourceTree = "<group>"; };
		4D15C579224B717E003F7672 /* Assets.xcassets */ = {isa = PBXFileReference; lastKnownFileType = folder.assetcatalog; path = Assets.xcassets; sourceTree = "<group>"; };
		4D15C57C224B717E003F7672 /* Base */ = {isa = PBXFileReference; lastKnownFileType = file.storyboard; name = Base; path = Base.lproj/LaunchScreen.storyboard; sourceTree = "<group>"; };
		4D15C57E224B717E003F7672 /* Info.plist */ = {isa = PBXFileReference; lastKnownFileType = text.plist.xml; path = Info.plist; sourceTree = "<group>"; };
		4D15C583224B717F003F7672 /* TimeUnderTensionTests.xctest */ = {isa = PBXFileReference; explicitFileType = wrapper.cfbundle; includeInIndex = 0; path = TimeUnderTensionTests.xctest; sourceTree = BUILT_PRODUCTS_DIR; };
		4D15C587224B717F003F7672 /* TimeUnderTensionTests.swift */ = {isa = PBXFileReference; lastKnownFileType = sourcecode.swift; path = TimeUnderTensionTests.swift; sourceTree = "<group>"; };
		4D15C589224B717F003F7672 /* Info.plist */ = {isa = PBXFileReference; lastKnownFileType = text.plist.xml; path = Info.plist; sourceTree = "<group>"; };
		4D15C594224B8876003F7672 /* Stopwatch.swift */ = {isa = PBXFileReference; lastKnownFileType = sourcecode.swift; path = Stopwatch.swift; sourceTree = "<group>"; };
		4D3772F7224CB52900923F23 /* EditExerciseViewController.swift */ = {isa = PBXFileReference; lastKnownFileType = sourcecode.swift; path = EditExerciseViewController.swift; sourceTree = "<group>"; };
		4DB2A7DD224CDAF100C8E290 /* HomeViewController.swift */ = {isa = PBXFileReference; lastKnownFileType = sourcecode.swift; path = HomeViewController.swift; sourceTree = "<group>"; };
		EE1A7E942251FC32000615F9 /* Exercise.swift */ = {isa = PBXFileReference; lastKnownFileType = sourcecode.swift; path = Exercise.swift; sourceTree = "<group>"; };
		EE55DC25224B95D500F3C37A /* Extensions.swift */ = {isa = PBXFileReference; lastKnownFileType = sourcecode.swift; path = Extensions.swift; sourceTree = "<group>"; };
		EE55DC27224BA2E100F3C37A /* CreateWorkoutViewController.swift */ = {isa = PBXFileReference; lastKnownFileType = sourcecode.swift; path = CreateWorkoutViewController.swift; sourceTree = "<group>"; };
		EE55DC2B224BBF7C00F3C37A /* ExerciseWeightTimeCell.swift */ = {isa = PBXFileReference; lastKnownFileType = sourcecode.swift; path = ExerciseWeightTimeCell.swift; sourceTree = "<group>"; };
		EE55DC2D224BC97E00F3C37A /* AddExerciseView.swift */ = {isa = PBXFileReference; lastKnownFileType = sourcecode.swift; path = AddExerciseView.swift; sourceTree = "<group>"; };
/* End PBXFileReference section */

/* Begin PBXFrameworksBuildPhase section */
		4D15C56C224B717B003F7672 /* Frameworks */ = {
			isa = PBXFrameworksBuildPhase;
			buildActionMask = 2147483647;
			files = (
			);
			runOnlyForDeploymentPostprocessing = 0;
		};
		4D15C580224B717F003F7672 /* Frameworks */ = {
			isa = PBXFrameworksBuildPhase;
			buildActionMask = 2147483647;
			files = (
			);
			runOnlyForDeploymentPostprocessing = 0;
		};
/* End PBXFrameworksBuildPhase section */

/* Begin PBXGroup section */
		4D15C566224B717B003F7672 = {
			isa = PBXGroup;
			children = (
				4D15C571224B717B003F7672 /* TimeUnderTension */,
				4D15C586224B717F003F7672 /* TimeUnderTensionTests */,
				4D15C570224B717B003F7672 /* Products */,
			);
			sourceTree = "<group>";
		};
		4D15C570224B717B003F7672 /* Products */ = {
			isa = PBXGroup;
			children = (
				4D15C56F224B717B003F7672 /* TimeUnderTension.app */,
				4D15C583224B717F003F7672 /* TimeUnderTensionTests.xctest */,
			);
			name = Products;
			sourceTree = "<group>";
		};
		4D15C571224B717B003F7672 /* TimeUnderTension */ = {
			isa = PBXGroup;
			children = (
				4D15C572224B717B003F7672 /* AppDelegate.swift */,
				4DB2A7DD224CDAF100C8E290 /* HomeViewController.swift */,
				EE55DC27224BA2E100F3C37A /* CreateWorkoutViewController.swift */,
				EE1A7E942251FC32000615F9 /* Exercise.swift */,
				4D15C574224B717B003F7672 /* TimerViewController.swift */,
				EE55DC2B224BBF7C00F3C37A /* ExerciseWeightTimeCell.swift */,
				4D3772F7224CB52900923F23 /* EditExerciseViewController.swift */,
				EE55DC2D224BC97E00F3C37A /* AddExerciseView.swift */,
				4D15C594224B8876003F7672 /* Stopwatch.swift */,
				4D15C579224B717E003F7672 /* Assets.xcassets */,
				4D15C57B224B717E003F7672 /* LaunchScreen.storyboard */,
				4D15C57E224B717E003F7672 /* Info.plist */,
				EE55DC25224B95D500F3C37A /* Extensions.swift */,
			);
			path = TimeUnderTension;
			sourceTree = "<group>";
		};
		4D15C586224B717F003F7672 /* TimeUnderTensionTests */ = {
			isa = PBXGroup;
			children = (
				4D15C587224B717F003F7672 /* TimeUnderTensionTests.swift */,
				4D15C589224B717F003F7672 /* Info.plist */,
			);
			path = TimeUnderTensionTests;
			sourceTree = "<group>";
		};
/* End PBXGroup section */

/* Begin PBXNativeTarget section */
		4D15C56E224B717B003F7672 /* TimeUnderTension */ = {
			isa = PBXNativeTarget;
			buildConfigurationList = 4D15C58C224B717F003F7672 /* Build configuration list for PBXNativeTarget "TimeUnderTension" */;
			buildPhases = (
				4D15C56B224B717B003F7672 /* Sources */,
				4D15C56C224B717B003F7672 /* Frameworks */,
				4D15C56D224B717B003F7672 /* Resources */,
			);
			buildRules = (
			);
			dependencies = (
			);
			name = TimeUnderTension;
			productName = TimeUnderTension;
			productReference = 4D15C56F224B717B003F7672 /* TimeUnderTension.app */;
			productType = "com.apple.product-type.application";
		};
		4D15C582224B717F003F7672 /* TimeUnderTensionTests */ = {
			isa = PBXNativeTarget;
			buildConfigurationList = 4D15C58F224B717F003F7672 /* Build configuration list for PBXNativeTarget "TimeUnderTensionTests" */;
			buildPhases = (
				4D15C57F224B717F003F7672 /* Sources */,
				4D15C580224B717F003F7672 /* Frameworks */,
				4D15C581224B717F003F7672 /* Resources */,
			);
			buildRules = (
			);
			dependencies = (
				4D15C585224B717F003F7672 /* PBXTargetDependency */,
			);
			name = TimeUnderTensionTests;
			productName = TimeUnderTensionTests;
			productReference = 4D15C583224B717F003F7672 /* TimeUnderTensionTests.xctest */;
			productType = "com.apple.product-type.bundle.unit-test";
		};
/* End PBXNativeTarget section */

/* Begin PBXProject section */
		4D15C567224B717B003F7672 /* Project object */ = {
			isa = PBXProject;
			attributes = {
				LastSwiftUpdateCheck = 1010;
				LastUpgradeCheck = 1010;
				ORGANIZATIONNAME = "Mike Gopsill";
				TargetAttributes = {
					4D15C56E224B717B003F7672 = {
						CreatedOnToolsVersion = 10.1;
					};
					4D15C582224B717F003F7672 = {
						CreatedOnToolsVersion = 10.1;
						TestTargetID = 4D15C56E224B717B003F7672;
					};
				};
			};
			buildConfigurationList = 4D15C56A224B717B003F7672 /* Build configuration list for PBXProject "TimeUnderTension" */;
			compatibilityVersion = "Xcode 9.3";
			developmentRegion = en;
			hasScannedForEncodings = 0;
			knownRegions = (
				en,
				Base,
			);
			mainGroup = 4D15C566224B717B003F7672;
			productRefGroup = 4D15C570224B717B003F7672 /* Products */;
			projectDirPath = "";
			projectRoot = "";
			targets = (
				4D15C56E224B717B003F7672 /* TimeUnderTension */,
				4D15C582224B717F003F7672 /* TimeUnderTensionTests */,
			);
		};
/* End PBXProject section */

/* Begin PBXResourcesBuildPhase section */
		4D15C56D224B717B003F7672 /* Resources */ = {
			isa = PBXResourcesBuildPhase;
			buildActionMask = 2147483647;
			files = (
				4D15C57D224B717E003F7672 /* LaunchScreen.storyboard in Resources */,
				4D15C57A224B717E003F7672 /* Assets.xcassets in Resources */,
			);
			runOnlyForDeploymentPostprocessing = 0;
		};
		4D15C581224B717F003F7672 /* Resources */ = {
			isa = PBXResourcesBuildPhase;
			buildActionMask = 2147483647;
			files = (
			);
			runOnlyForDeploymentPostprocessing = 0;
		};
/* End PBXResourcesBuildPhase section */

/* Begin PBXSourcesBuildPhase section */
		4D15C56B224B717B003F7672 /* Sources */ = {
			isa = PBXSourcesBuildPhase;
			buildActionMask = 2147483647;
			files = (
				EE55DC2C224BBF7C00F3C37A /* ExerciseWeightTimeCell.swift in Sources */,
				4D15C575224B717B003F7672 /* TimerViewController.swift in Sources */,
				4D15C595224B8876003F7672 /* Stopwatch.swift in Sources */,
				EE55DC2E224BC97E00F3C37A /* AddExerciseView.swift in Sources */,
				4DB2A7DE224CDAF100C8E290 /* HomeViewController.swift in Sources */,
				EE1A7E952251FC32000615F9 /* Exercise.swift in Sources */,
				EE55DC28224BA2E100F3C37A /* CreateWorkoutViewController.swift in Sources */,
				4D15C573224B717B003F7672 /* AppDelegate.swift in Sources */,
				EE55DC26224B95D500F3C37A /* Extensions.swift in Sources */,
				4D3772F8224CB52900923F23 /* EditExerciseViewController.swift in Sources */,
			);
			runOnlyForDeploymentPostprocessing = 0;
		};
		4D15C57F224B717F003F7672 /* Sources */ = {
			isa = PBXSourcesBuildPhase;
			buildActionMask = 2147483647;
			files = (
				4D15C588224B717F003F7672 /* TimeUnderTensionTests.swift in Sources */,
			);
			runOnlyForDeploymentPostprocessing = 0;
		};
/* End PBXSourcesBuildPhase section */

/* Begin PBXTargetDependency section */
		4D15C585224B717F003F7672 /* PBXTargetDependency */ = {
			isa = PBXTargetDependency;
			target = 4D15C56E224B717B003F7672 /* TimeUnderTension */;
			targetProxy = 4D15C584224B717F003F7672 /* PBXContainerItemProxy */;
		};
/* End PBXTargetDependency section */

/* Begin PBXVariantGroup section */
		4D15C57B224B717E003F7672 /* LaunchScreen.storyboard */ = {
			isa = PBXVariantGroup;
			children = (
				4D15C57C224B717E003F7672 /* Base */,
			);
			name = LaunchScreen.storyboard;
			sourceTree = "<group>";
		};
/* End PBXVariantGroup section */

/* Begin XCBuildConfiguration section */
		4D15C58A224B717F003F7672 /* Debug */ = {
			isa = XCBuildConfiguration;
			buildSettings = {
				ALWAYS_SEARCH_USER_PATHS = NO;
				CLANG_ANALYZER_NONNULL = YES;
				CLANG_ANALYZER_NUMBER_OBJECT_CONVERSION = YES_AGGRESSIVE;
				CLANG_CXX_LANGUAGE_STANDARD = "gnu++14";
				CLANG_CXX_LIBRARY = "libc++";
				CLANG_ENABLE_MODULES = YES;
				CLANG_ENABLE_OBJC_ARC = YES;
				CLANG_ENABLE_OBJC_WEAK = YES;
				CLANG_WARN_BLOCK_CAPTURE_AUTORELEASING = YES;
				CLANG_WARN_BOOL_CONVERSION = YES;
				CLANG_WARN_COMMA = YES;
				CLANG_WARN_CONSTANT_CONVERSION = YES;
				CLANG_WARN_DEPRECATED_OBJC_IMPLEMENTATIONS = YES;
				CLANG_WARN_DIRECT_OBJC_ISA_USAGE = YES_ERROR;
				CLANG_WARN_DOCUMENTATION_COMMENTS = YES;
				CLANG_WARN_EMPTY_BODY = YES;
				CLANG_WARN_ENUM_CONVERSION = YES;
				CLANG_WARN_INFINITE_RECURSION = YES;
				CLANG_WARN_INT_CONVERSION = YES;
				CLANG_WARN_NON_LITERAL_NULL_CONVERSION = YES;
				CLANG_WARN_OBJC_IMPLICIT_RETAIN_SELF = YES;
				CLANG_WARN_OBJC_LITERAL_CONVERSION = YES;
				CLANG_WARN_OBJC_ROOT_CLASS = YES_ERROR;
				CLANG_WARN_RANGE_LOOP_ANALYSIS = YES;
				CLANG_WARN_STRICT_PROTOTYPES = YES;
				CLANG_WARN_SUSPICIOUS_MOVE = YES;
				CLANG_WARN_UNGUARDED_AVAILABILITY = YES_AGGRESSIVE;
				CLANG_WARN_UNREACHABLE_CODE = YES;
				CLANG_WARN__DUPLICATE_METHOD_MATCH = YES;
				CODE_SIGN_IDENTITY = "iPhone Developer";
				COPY_PHASE_STRIP = NO;
				DEBUG_INFORMATION_FORMAT = dwarf;
				ENABLE_STRICT_OBJC_MSGSEND = YES;
				ENABLE_TESTABILITY = YES;
				GCC_C_LANGUAGE_STANDARD = gnu11;
				GCC_DYNAMIC_NO_PIC = NO;
				GCC_NO_COMMON_BLOCKS = YES;
				GCC_OPTIMIZATION_LEVEL = 0;
				GCC_PREPROCESSOR_DEFINITIONS = (
					"DEBUG=1",
					"$(inherited)",
				);
				GCC_WARN_64_TO_32_BIT_CONVERSION = YES;
				GCC_WARN_ABOUT_RETURN_TYPE = YES_ERROR;
				GCC_WARN_UNDECLARED_SELECTOR = YES;
				GCC_WARN_UNINITIALIZED_AUTOS = YES_AGGRESSIVE;
				GCC_WARN_UNUSED_FUNCTION = YES;
				GCC_WARN_UNUSED_VARIABLE = YES;
				IPHONEOS_DEPLOYMENT_TARGET = 12.1;
				MTL_ENABLE_DEBUG_INFO = INCLUDE_SOURCE;
				MTL_FAST_MATH = YES;
				ONLY_ACTIVE_ARCH = YES;
				SDKROOT = iphoneos;
				SWIFT_ACTIVE_COMPILATION_CONDITIONS = DEBUG;
				SWIFT_OPTIMIZATION_LEVEL = "-Onone";
			};
			name = Debug;
		};
		4D15C58B224B717F003F7672 /* Release */ = {
			isa = XCBuildConfiguration;
			buildSettings = {
				ALWAYS_SEARCH_USER_PATHS = NO;
				CLANG_ANALYZER_NONNULL = YES;
				CLANG_ANALYZER_NUMBER_OBJECT_CONVERSION = YES_AGGRESSIVE;
				CLANG_CXX_LANGUAGE_STANDARD = "gnu++14";
				CLANG_CXX_LIBRARY = "libc++";
				CLANG_ENABLE_MODULES = YES;
				CLANG_ENABLE_OBJC_ARC = YES;
				CLANG_ENABLE_OBJC_WEAK = YES;
				CLANG_WARN_BLOCK_CAPTURE_AUTORELEASING = YES;
				CLANG_WARN_BOOL_CONVERSION = YES;
				CLANG_WARN_COMMA = YES;
				CLANG_WARN_CONSTANT_CONVERSION = YES;
				CLANG_WARN_DEPRECATED_OBJC_IMPLEMENTATIONS = YES;
				CLANG_WARN_DIRECT_OBJC_ISA_USAGE = YES_ERROR;
				CLANG_WARN_DOCUMENTATION_COMMENTS = YES;
				CLANG_WARN_EMPTY_BODY = YES;
				CLANG_WARN_ENUM_CONVERSION = YES;
				CLANG_WARN_INFINITE_RECURSION = YES;
				CLANG_WARN_INT_CONVERSION = YES;
				CLANG_WARN_NON_LITERAL_NULL_CONVERSION = YES;
				CLANG_WARN_OBJC_IMPLICIT_RETAIN_SELF = YES;
				CLANG_WARN_OBJC_LITERAL_CONVERSION = YES;
				CLANG_WARN_OBJC_ROOT_CLASS = YES_ERROR;
				CLANG_WARN_RANGE_LOOP_ANALYSIS = YES;
				CLANG_WARN_STRICT_PROTOTYPES = YES;
				CLANG_WARN_SUSPICIOUS_MOVE = YES;
				CLANG_WARN_UNGUARDED_AVAILABILITY = YES_AGGRESSIVE;
				CLANG_WARN_UNREACHABLE_CODE = YES;
				CLANG_WARN__DUPLICATE_METHOD_MATCH = YES;
				CODE_SIGN_IDENTITY = "iPhone Developer";
				COPY_PHASE_STRIP = NO;
				DEBUG_INFORMATION_FORMAT = "dwarf-with-dsym";
				ENABLE_NS_ASSERTIONS = NO;
				ENABLE_STRICT_OBJC_MSGSEND = YES;
				GCC_C_LANGUAGE_STANDARD = gnu11;
				GCC_NO_COMMON_BLOCKS = YES;
				GCC_WARN_64_TO_32_BIT_CONVERSION = YES;
				GCC_WARN_ABOUT_RETURN_TYPE = YES_ERROR;
				GCC_WARN_UNDECLARED_SELECTOR = YES;
				GCC_WARN_UNINITIALIZED_AUTOS = YES_AGGRESSIVE;
				GCC_WARN_UNUSED_FUNCTION = YES;
				GCC_WARN_UNUSED_VARIABLE = YES;
				IPHONEOS_DEPLOYMENT_TARGET = 12.1;
				MTL_ENABLE_DEBUG_INFO = NO;
				MTL_FAST_MATH = YES;
				SDKROOT = iphoneos;
				SWIFT_COMPILATION_MODE = wholemodule;
				SWIFT_OPTIMIZATION_LEVEL = "-O";
				VALIDATE_PRODUCT = YES;
			};
			name = Release;
		};
		4D15C58D224B717F003F7672 /* Debug */ = {
			isa = XCBuildConfiguration;
			buildSettings = {
				ASSETCATALOG_COMPILER_APPICON_NAME = AppIcon;
				CODE_SIGN_STYLE = Automatic;
				DEVELOPMENT_TEAM = EYT7Q6838H;
				INFOPLIST_FILE = TimeUnderTension/Info.plist;
				LD_RUNPATH_SEARCH_PATHS = (
					"$(inherited)",
					"@executable_path/Frameworks",
				);
				PRODUCT_BUNDLE_IDENTIFIER = com.mgopsill.TimeUnderTension;
				PRODUCT_NAME = "$(TARGET_NAME)";
				SWIFT_VERSION = 4.2;
				TARGETED_DEVICE_FAMILY = 1;
			};
			name = Debug;
		};
		4D15C58E224B717F003F7672 /* Release */ = {
			isa = XCBuildConfiguration;
			buildSettings = {
				ASSETCATALOG_COMPILER_APPICON_NAME = AppIcon;
				CODE_SIGN_STYLE = Automatic;
				DEVELOPMENT_TEAM = EYT7Q6838H;
				INFOPLIST_FILE = TimeUnderTension/Info.plist;
				LD_RUNPATH_SEARCH_PATHS = (
					"$(inherited)",
					"@executable_path/Frameworks",
				);
				PRODUCT_BUNDLE_IDENTIFIER = com.mgopsill.TimeUnderTension;
				PRODUCT_NAME = "$(TARGET_NAME)";
				SWIFT_VERSION = 4.2;
				TARGETED_DEVICE_FAMILY = 1;
			};
			name = Release;
		};
		4D15C590224B717F003F7672 /* Debug */ = {
			isa = XCBuildConfiguration;
			buildSettings = {
				ALWAYS_EMBED_SWIFT_STANDARD_LIBRARIES = YES;
				BUNDLE_LOADER = "$(TEST_HOST)";
				CODE_SIGN_STYLE = Automatic;
				INFOPLIST_FILE = TimeUnderTensionTests/Info.plist;
				LD_RUNPATH_SEARCH_PATHS = (
					"$(inherited)",
					"@executable_path/Frameworks",
					"@loader_path/Frameworks",
				);
				PRODUCT_BUNDLE_IDENTIFIER = com.mgopsill.TimeUnderTensionTests;
				PRODUCT_NAME = "$(TARGET_NAME)";
				SWIFT_VERSION = 4.2;
				TARGETED_DEVICE_FAMILY = "1,2";
				TEST_HOST = "$(BUILT_PRODUCTS_DIR)/TimeUnderTension.app/TimeUnderTension";
			};
			name = Debug;
		};
		4D15C591224B717F003F7672 /* Release */ = {
			isa = XCBuildConfiguration;
			buildSettings = {
				ALWAYS_EMBED_SWIFT_STANDARD_LIBRARIES = YES;
				BUNDLE_LOADER = "$(TEST_HOST)";
				CODE_SIGN_STYLE = Automatic;
				INFOPLIST_FILE = TimeUnderTensionTests/Info.plist;
				LD_RUNPATH_SEARCH_PATHS = (
					"$(inherited)",
					"@executable_path/Frameworks",
					"@loader_path/Frameworks",
				);
				PRODUCT_BUNDLE_IDENTIFIER = com.mgopsill.TimeUnderTensionTests;
				PRODUCT_NAME = "$(TARGET_NAME)";
				SWIFT_VERSION = 4.2;
				TARGETED_DEVICE_FAMILY = "1,2";
				TEST_HOST = "$(BUILT_PRODUCTS_DIR)/TimeUnderTension.app/TimeUnderTension";
			};
			name = Release;
		};
/* End XCBuildConfiguration section */

/* Begin XCConfigurationList section */
		4D15C56A224B717B003F7672 /* Build configuration list for PBXProject "TimeUnderTension" */ = {
			isa = XCConfigurationList;
			buildConfigurations = (
				4D15C58A224B717F003F7672 /* Debug */,
				4D15C58B224B717F003F7672 /* Release */,
			);
			defaultConfigurationIsVisible = 0;
			defaultConfigurationName = Release;
		};
		4D15C58C224B717F003F7672 /* Build configuration list for PBXNativeTarget "TimeUnderTension" */ = {
			isa = XCConfigurationList;
			buildConfigurations = (
				4D15C58D224B717F003F7672 /* Debug */,
				4D15C58E224B717F003F7672 /* Release */,
			);
			defaultConfigurationIsVisible = 0;
			defaultConfigurationName = Release;
		};
		4D15C58F224B717F003F7672 /* Build configuration list for PBXNativeTarget "TimeUnderTensionTests" */ = {
			isa = XCConfigurationList;
			buildConfigurations = (
				4D15C590224B717F003F7672 /* Debug */,
				4D15C591224B717F003F7672 /* Release */,
			);
			defaultConfigurationIsVisible = 0;
			defaultConfigurationName = Release;
		};
/* End XCConfigurationList section */
	};
	rootObject = 4D15C567224B717B003F7672 /* Project object */;
}
